# 🔒 Video Data Master Lock File
# 
# This file indicates that video-data-master.json is LOCKED and should not be
# automatically regenerated by build scripts.
# 
# Locked Version: 8.0.0-character-sync
# Locked Date: 2026-07-20
# Commit Hash: 3a60dc2
# 
# To regenerate video data:
# 1. Create a NEW file (e.g., video-data-v2.json)
# 2. Update the component to use the new file
# 3. DO NOT overwrite video-data-master.json
# 
# To restore the locked version:
# npm run restore-master
